
Microsoft Visual Studio Solution File, Format Version 12.00
# Visual Studio Version 16
VisualStudioVersion = 16.0.30413.136
MinimumVisualStudioVersion = 10.0.40219.1
Project("{9A19103F-16F7-4668-BE54-9A1E7A4F7556}") = "GamesDatabase.Web", "Web\GamesDatabase.Web\GamesDatabase.Web.csproj", "{EE992807-1E30-4BFF-BC76-A4CE135716D9}"
EndProject
Project("{9A19103F-16F7-4668-BE54-9A1E7A4F7556}") = "GamesDatabase.Web.Models", "Services\GamesDatabase.Services.ViewModels\GamesDatabase.Web.Models.csproj", "{B0AF0227-B976-4A76-BEC0-206008EED0AD}"
EndProject
Project("{2150E333-8FDC-42A3-9474-1A3956D46DE8}") = "Data", "Data", "{D8CDBC6A-660F-46B7-ADE8-9FC1C2527021}"
EndProject
Project("{2150E333-8FDC-42A3-9474-1A3956D46DE8}") = "Services", "Services", "{F39842EC-310A-4E28-9BB0-3F4397EEAB79}"
EndProject
Project("{2150E333-8FDC-42A3-9474-1A3956D46DE8}") = "Web", "Web", "{32B023D4-C408-448B-AB4E-D3D997010902}"
EndProject
Project("{9A19103F-16F7-4668-BE54-9A1E7A4F7556}") = "GamesDatabase.Services.DataServices", "Services\GamesDatabase.Services.DataServices\GamesDatabase.Services.DataServices.csproj", "{5273E55C-7BD1-4DE8-84BB-D1B00E27F169}"
EndProject
Project("{2150E333-8FDC-42A3-9474-1A3956D46DE8}") = "Tests", "Tests", "{1652D275-ECC9-4ED7-97B9-013A53968336}"
EndProject
Project("{9A19103F-16F7-4668-BE54-9A1E7A4F7556}") = "GamesDatabase.Sandbox", "Tests\GamesDatabase.Sandbox\GamesDatabase.Sandbox.csproj", "{8C24A0F9-B969-4403-BC0B-E63975D13C95}"
EndProject
Project("{9A19103F-16F7-4668-BE54-9A1E7A4F7556}") = "GamesDatabase.Data.Models", "Data\GamesDatabase.Data.Models\GamesDatabase.Data.Models.csproj", "{ABE9F35C-66DF-49F3-A5AA-6FA0F3F7F9A8}"
EndProject
Project("{9A19103F-16F7-4668-BE54-9A1E7A4F7556}") = "GamesDatabase.Data.Core", "Data\GamesDatabase.Data.Core\GamesDatabase.Data.Core.csproj", "{4A5E93FC-42A2-47C5-82CA-CB1E7C5A26BE}"
EndProject
Project("{9A19103F-16F7-4668-BE54-9A1E7A4F7556}") = "GamesDatabase.Data", "Data\GamesDatabase.Data\GamesDatabase.Data.csproj", "{AEDE401E-FB95-4C3F-AC7B-520B2CA50951}"
EndProject
Project("{9A19103F-16F7-4668-BE54-9A1E7A4F7556}") = "GamesDatabase.Services.Mapping", "Services\GamesDatabase.Services.Mapping\GamesDatabase.Services.Mapping.csproj", "{181BC071-98E8-4873-93F7-6232A5A9586E}"
EndProject
Project("{FAE04EC0-301F-11D3-BF4B-00C04F79EFBC}") = "Common", "Common\Common.csproj", "{0AE3F4DD-F372-491B-9CA5-7C2F05363797}"
EndProject
Global
	GlobalSection(SolutionConfigurationPlatforms) = preSolution
		Debug|Any CPU = Debug|Any CPU
		Release|Any CPU = Release|Any CPU
	EndGlobalSection
	GlobalSection(ProjectConfigurationPlatforms) = postSolution
		{EE992807-1E30-4BFF-BC76-A4CE135716D9}.Debug|Any CPU.ActiveCfg = Debug|Any CPU
		{EE992807-1E30-4BFF-BC76-A4CE135716D9}.Debug|Any CPU.Build.0 = Debug|Any CPU
		{EE992807-1E30-4BFF-BC76-A4CE135716D9}.Release|Any CPU.ActiveCfg = Release|Any CPU
		{EE992807-1E30-4BFF-BC76-A4CE135716D9}.Release|Any CPU.Build.0 = Release|Any CPU
		{B0AF0227-B976-4A76-BEC0-206008EED0AD}.Debug|Any CPU.ActiveCfg = Debug|Any CPU
		{B0AF0227-B976-4A76-BEC0-206008EED0AD}.Debug|Any CPU.Build.0 = Debug|Any CPU
		{B0AF0227-B976-4A76-BEC0-206008EED0AD}.Release|Any CPU.ActiveCfg = Release|Any CPU
		{B0AF0227-B976-4A76-BEC0-206008EED0AD}.Release|Any CPU.Build.0 = Release|Any CPU
		{5273E55C-7BD1-4DE8-84BB-D1B00E27F169}.Debug|Any CPU.ActiveCfg = Debug|Any CPU
		{5273E55C-7BD1-4DE8-84BB-D1B00E27F169}.Debug|Any CPU.Build.0 = Debug|Any CPU
		{5273E55C-7BD1-4DE8-84BB-D1B00E27F169}.Release|Any CPU.ActiveCfg = Release|Any CPU
		{5273E55C-7BD1-4DE8-84BB-D1B00E27F169}.Release|Any CPU.Build.0 = Release|Any CPU
		{8C24A0F9-B969-4403-BC0B-E63975D13C95}.Debug|Any CPU.ActiveCfg = Debug|Any CPU
		{8C24A0F9-B969-4403-BC0B-E63975D13C95}.Debug|Any CPU.Build.0 = Debug|Any CPU
		{8C24A0F9-B969-4403-BC0B-E63975D13C95}.Release|Any CPU.ActiveCfg = Release|Any CPU
		{8C24A0F9-B969-4403-BC0B-E63975D13C95}.Release|Any CPU.Build.0 = Release|Any CPU
		{ABE9F35C-66DF-49F3-A5AA-6FA0F3F7F9A8}.Debug|Any CPU.ActiveCfg = Debug|Any CPU
		{ABE9F35C-66DF-49F3-A5AA-6FA0F3F7F9A8}.Debug|Any CPU.Build.0 = Debug|Any CPU
		{ABE9F35C-66DF-49F3-A5AA-6FA0F3F7F9A8}.Release|Any CPU.ActiveCfg = Release|Any CPU
		{ABE9F35C-66DF-49F3-A5AA-6FA0F3F7F9A8}.Release|Any CPU.Build.0 = Release|Any CPU
		{4A5E93FC-42A2-47C5-82CA-CB1E7C5A26BE}.Debug|Any CPU.ActiveCfg = Debug|Any CPU
		{4A5E93FC-42A2-47C5-82CA-CB1E7C5A26BE}.Debug|Any CPU.Build.0 = Debug|Any CPU
		{4A5E93FC-42A2-47C5-82CA-CB1E7C5A26BE}.Release|Any CPU.ActiveCfg = Release|Any CPU
		{4A5E93FC-42A2-47C5-82CA-CB1E7C5A26BE}.Release|Any CPU.Build.0 = Release|Any CPU
		{AEDE401E-FB95-4C3F-AC7B-520B2CA50951}.Debug|Any CPU.ActiveCfg = Debug|Any CPU
		{AEDE401E-FB95-4C3F-AC7B-520B2CA50951}.Debug|Any CPU.Build.0 = Debug|Any CPU
		{AEDE401E-FB95-4C3F-AC7B-520B2CA50951}.Release|Any CPU.ActiveCfg = Release|Any CPU
		{AEDE401E-FB95-4C3F-AC7B-520B2CA50951}.Release|Any CPU.Build.0 = Release|Any CPU
		{181BC071-98E8-4873-93F7-6232A5A9586E}.Debug|Any CPU.ActiveCfg = Debug|Any CPU
		{181BC071-98E8-4873-93F7-6232A5A9586E}.Debug|Any CPU.Build.0 = Debug|Any CPU
		{181BC071-98E8-4873-93F7-6232A5A9586E}.Release|Any CPU.ActiveCfg = Release|Any CPU
		{181BC071-98E8-4873-93F7-6232A5A9586E}.Release|Any CPU.Build.0 = Release|Any CPU
		{0AE3F4DD-F372-491B-9CA5-7C2F05363797}.Debug|Any CPU.ActiveCfg = Debug|Any CPU
		{0AE3F4DD-F372-491B-9CA5-7C2F05363797}.Debug|Any CPU.Build.0 = Debug|Any CPU
		{0AE3F4DD-F372-491B-9CA5-7C2F05363797}.Release|Any CPU.ActiveCfg = Release|Any CPU
		{0AE3F4DD-F372-491B-9CA5-7C2F05363797}.Release|Any CPU.Build.0 = Release|Any CPU
	EndGlobalSection
	GlobalSection(SolutionProperties) = preSolution
		HideSolutionNode = FALSE
	EndGlobalSection
	GlobalSection(NestedProjects) = preSolution
		{EE992807-1E30-4BFF-BC76-A4CE135716D9} = {32B023D4-C408-448B-AB4E-D3D997010902}
		{B0AF0227-B976-4A76-BEC0-206008EED0AD} = {32B023D4-C408-448B-AB4E-D3D997010902}
		{5273E55C-7BD1-4DE8-84BB-D1B00E27F169} = {F39842EC-310A-4E28-9BB0-3F4397EEAB79}
		{8C24A0F9-B969-4403-BC0B-E63975D13C95} = {1652D275-ECC9-4ED7-97B9-013A53968336}
		{ABE9F35C-66DF-49F3-A5AA-6FA0F3F7F9A8} = {D8CDBC6A-660F-46B7-ADE8-9FC1C2527021}
		{4A5E93FC-42A2-47C5-82CA-CB1E7C5A26BE} = {D8CDBC6A-660F-46B7-ADE8-9FC1C2527021}
		{AEDE401E-FB95-4C3F-AC7B-520B2CA50951} = {D8CDBC6A-660F-46B7-ADE8-9FC1C2527021}
		{181BC071-98E8-4873-93F7-6232A5A9586E} = {F39842EC-310A-4E28-9BB0-3F4397EEAB79}
	EndGlobalSection
	GlobalSection(ExtensibilityGlobals) = postSolution
		SolutionGuid = {2EF7072D-D500-439B-8516-A214D2296DED}
	EndGlobalSection
EndGlobal
